
Microsoft Visual Studio Solution File, Format Version 12.00
# Visual Studio Version 17
VisualStudioVersion = 17.10.35027.167
MinimumVisualStudioVersion = 10.0.40219.1
Project("{FAE04EC0-301F-11D3-BF4B-00C04F79EFBC}") = "Airwars", "Airwars.csproj", "{C30630DE-CA26-4EBB-8BEB-17054CB2A701}"
EndProject
Global
	GlobalSection(SolutionConfigurationPlatforms) = preSolution
		Debug|Any CPU = Debug|Any CPU
		Release|Any CPU = Release|Any CPU
	EndGlobalSection
	GlobalSection(ProjectConfigurationPlatforms) = postSolution
		{C30630DE-CA26-4EBB-8BEB-17054CB2A701}.Debug|Any CPU.ActiveCfg = Debug|Any CPU
		{C30630DE-CA26-4EBB-8BEB-17054CB2A701}.Debug|Any CPU.Build.0 = Debug|Any CPU
		{C30630DE-CA26-4EBB-8BEB-17054CB2A701}.Release|Any CPU.ActiveCfg = Release|Any CPU
		{C30630DE-CA26-4EBB-8BEB-17054CB2A701}.Release|Any CPU.Build.0 = Release|Any CPU
	EndGlobalSection
	GlobalSection(SolutionProperties) = preSolution
		HideSolutionNode = FALSE
	EndGlobalSection
	GlobalSection(ExtensibilityGlobals) = postSolution
		SolutionGuid = {32754226-5987-48FD-AFBC-FC833DED357C}
	EndGlobalSection
EndGlobal
